
Microsoft Visual Studio Solution File, Format Version 12.00
# Visual Studio Version 17
VisualStudioVersion = 17.8.34511.84
MinimumVisualStudioVersion = 10.0.40219.1
Project("{FAE04EC0-301F-11D3-BF4B-00C04F79EFBC}") = "StudyTasks", "StudyTasks\StudyTasks.csproj", "{4116D40B-BB29-4CB3-9E90-3B52DF25C09E}"
EndProject
Global
	GlobalSection(SolutionConfigurationPlatforms) = preSolution
		Debug|Any CPU = Debug|Any CPU
		Release|Any CPU = Release|Any CPU
	EndGlobalSection
	GlobalSection(ProjectConfigurationPlatforms) = postSolution
		{4116D40B-BB29-4CB3-9E90-3B52DF25C09E}.Debug|Any CPU.ActiveCfg = Debug|Any CPU
		{4116D40B-BB29-4CB3-9E90-3B52DF25C09E}.Debug|Any CPU.Build.0 = Debug|Any CPU
		{4116D40B-BB29-4CB3-9E90-3B52DF25C09E}.Release|Any CPU.ActiveCfg = Release|Any CPU
		{4116D40B-BB29-4CB3-9E90-3B52DF25C09E}.Release|Any CPU.Build.0 = Release|Any CPU
	EndGlobalSection
	GlobalSection(SolutionProperties) = preSolution
		HideSolutionNode = FALSE
	EndGlobalSection
	GlobalSection(ExtensibilityGlobals) = postSolution
		SolutionGuid = {483B1ACD-132B-4449-9CA1-F243D54F1E51}
	EndGlobalSection
EndGlobal
