
Microsoft Visual Studio Solution File, Format Version 12.00
# Visual Studio Version 17
VisualStudioVersion = 17.8.34511.84
MinimumVisualStudioVersion = 10.0.40219.1
Project("{FAE04EC0-301F-11D3-BF4B-00C04F79EFBC}") = "InvestCalculator_App", "InvestCalculator_App\InvestCalculator_App.csproj", "{25BF333D-93DE-49B1-A7C0-F25DF6C9BF6F}"
EndProject
Global
	GlobalSection(SolutionConfigurationPlatforms) = preSolution
		Debug|Any CPU = Debug|Any CPU
		Release|Any CPU = Release|Any CPU
	EndGlobalSection
	GlobalSection(ProjectConfigurationPlatforms) = postSolution
		{25BF333D-93DE-49B1-A7C0-F25DF6C9BF6F}.Debug|Any CPU.ActiveCfg = Debug|Any CPU
		{25BF333D-93DE-49B1-A7C0-F25DF6C9BF6F}.Debug|Any CPU.Build.0 = Debug|Any CPU
		{25BF333D-93DE-49B1-A7C0-F25DF6C9BF6F}.Release|Any CPU.ActiveCfg = Release|Any CPU
		{25BF333D-93DE-49B1-A7C0-F25DF6C9BF6F}.Release|Any CPU.Build.0 = Release|Any CPU
	EndGlobalSection
	GlobalSection(SolutionProperties) = preSolution
		HideSolutionNode = FALSE
	EndGlobalSection
	GlobalSection(ExtensibilityGlobals) = postSolution
		SolutionGuid = {99FEF0AF-37AF-4138-BC80-FA98EA86BAF2}
	EndGlobalSection
EndGlobal
